
Microsoft Visual Studio Solution File, Format Version 12.00
# Visual Studio 15
VisualStudioVersion = 15.0.27004.2005
MinimumVisualStudioVersion = 10.0.40219.1
Project("{888888A0-9F3D-457C-B088-3A5042F75D52}") = "Project6", "Project6.pyproj", "{2EF208F2-1055-4C12-A941-18B3E374F462}"
EndProject
Global
	GlobalSection(SolutionConfigurationPlatforms) = preSolution
		Debug|Any CPU = Debug|Any CPU
		Release|Any CPU = Release|Any CPU
	EndGlobalSection
	GlobalSection(ProjectConfigurationPlatforms) = postSolution
		{2EF208F2-1055-4C12-A941-18B3E374F462}.Debug|Any CPU.ActiveCfg = Debug|Any CPU
		{2EF208F2-1055-4C12-A941-18B3E374F462}.Release|Any CPU.ActiveCfg = Release|Any CPU
	EndGlobalSection
	GlobalSection(SolutionProperties) = preSolution
		HideSolutionNode = FALSE
	EndGlobalSection
	GlobalSection(ExtensibilityGlobals) = postSolution
		SolutionGuid = {C5428E28-CFBB-4C38-B368-7DDE01BB5CF7}
	EndGlobalSection
EndGlobal
